
Microsoft Visual Studio Solution File, Format Version 12.00
# Visual Studio Version 16
VisualStudioVersion = 16.0.29613.14
MinimumVisualStudioVersion = 10.0.40219.1
Project("{FAE04EC0-301F-11D3-BF4B-00C04F79EFBC}") = "ExperimentingWithInfragistics", "ExperimentingWithInfragistics\ExperimentingWithInfragistics.csproj", "{7D225F3F-40F6-4EBA-B57B-23E2FC83C6C8}"
EndProject
Global
	GlobalSection(SolutionConfigurationPlatforms) = preSolution
		Debug|Any CPU = Debug|Any CPU
		Release|Any CPU = Release|Any CPU
	EndGlobalSection
	GlobalSection(ProjectConfigurationPlatforms) = postSolution
		{7D225F3F-40F6-4EBA-B57B-23E2FC83C6C8}.Debug|Any CPU.ActiveCfg = Debug|Any CPU
		{7D225F3F-40F6-4EBA-B57B-23E2FC83C6C8}.Debug|Any CPU.Build.0 = Debug|Any CPU
		{7D225F3F-40F6-4EBA-B57B-23E2FC83C6C8}.Release|Any CPU.ActiveCfg = Release|Any CPU
		{7D225F3F-40F6-4EBA-B57B-23E2FC83C6C8}.Release|Any CPU.Build.0 = Release|Any CPU
	EndGlobalSection
	GlobalSection(SolutionProperties) = preSolution
		HideSolutionNode = FALSE
	EndGlobalSection
	GlobalSection(ExtensibilityGlobals) = postSolution
		SolutionGuid = {E23FE3DB-7E3D-4E4F-9E6E-E1064021B575}
	EndGlobalSection
EndGlobal
